Microsoft Visual Studio Solution File, Format Version 11.00
# Visual Studio 2008

Project("{80A833A5-7F54-2F9D-F350-00C1706437C7}") = "PlayTIME UI Mockup", "Assembly-CSharp-firstpass.csproj", "{920F52F9-37FA-3387-CAF0-0224E8DD15BC}"
EndProject
Project("{80A833A5-7F54-2F9D-F350-00C1706437C7}") = "PlayTIME UI Mockup", "Assembly-CSharp.csproj", "{427A157C-E903-723E-0066-284450A86D62}"
EndProject
Project("{80A833A5-7F54-2F9D-F350-00C1706437C7}") = "PlayTIME UI Mockup", "Assembly-CSharp-Editor.csproj", "{F9B6241D-A57C-BA54-AE0B-6E8772835469}"
EndProject
Global
	GlobalSection(SolutionConfigurationPlatforms) = preSolution
		Debug|Any CPU = Debug|Any CPU
		Release|Any CPU = Release|Any CPU
	EndGlobalSection
	GlobalSection(ProjectConfigurationPlatforms) = postSolution
		{920F52F9-37FA-3387-CAF0-0224E8DD15BC}.Debug|Any CPU.ActiveCfg = Debug|Any CPU
		{920F52F9-37FA-3387-CAF0-0224E8DD15BC}.Debug|Any CPU.Build.0 = Debug|Any CPU
		{920F52F9-37FA-3387-CAF0-0224E8DD15BC}.Release|Any CPU.ActiveCfg = Release|Any CPU
		{920F52F9-37FA-3387-CAF0-0224E8DD15BC}.Release|Any CPU.Build.0 = Release|Any CPU
		{427A157C-E903-723E-0066-284450A86D62}.Debug|Any CPU.ActiveCfg = Debug|Any CPU
		{427A157C-E903-723E-0066-284450A86D62}.Debug|Any CPU.Build.0 = Debug|Any CPU
		{427A157C-E903-723E-0066-284450A86D62}.Release|Any CPU.ActiveCfg = Release|Any CPU
		{427A157C-E903-723E-0066-284450A86D62}.Release|Any CPU.Build.0 = Release|Any CPU
		{F9B6241D-A57C-BA54-AE0B-6E8772835469}.Debug|Any CPU.ActiveCfg = Debug|Any CPU
		{F9B6241D-A57C-BA54-AE0B-6E8772835469}.Debug|Any CPU.Build.0 = Debug|Any CPU
		{F9B6241D-A57C-BA54-AE0B-6E8772835469}.Release|Any CPU.ActiveCfg = Release|Any CPU
		{F9B6241D-A57C-BA54-AE0B-6E8772835469}.Release|Any CPU.Build.0 = Release|Any CPU
	EndGlobalSection
	GlobalSection(SolutionProperties) = preSolution
		HideSolutionNode = FALSE
	EndGlobalSection
																																			GlobalSection(MonoDevelopProperties) = preSolution
		StartupItem = Assembly-CSharp.csproj
		Policies = $0
		$0.TextStylePolicy = $1
		$1.inheritsSet = null
		$1.scope = text/x-csharp
		$0.CSharpFormattingPolicy = $2
		$2.inheritsSet = Mono
		$2.inheritsScope = text/x-csharp
		$2.scope = text/x-csharp
		$0.TextStylePolicy = $3
		$3.FileWidth = 120
		$3.TabWidth = 4
		$3.IndentWidth = 4
		$3.EolMarker = Unix
		$3.inheritsSet = Mono
		$3.inheritsScope = text/plain
		$3.scope = text/plain
	EndGlobalSection

EndGlobal
